
Microsoft Visual Studio Solution File, Format Version 12.00
# Visual Studio 15
VisualStudioVersion = 15.0.28307.757
MinimumVisualStudioVersion = 10.0.40219.1
Project("{9A19103F-16F7-4668-BE54-9A1E7A4F7556}") = "BsdLayers.Business", "BsdLayers.Business\BsdLayers.Business.csproj", "{750478FA-FF72-4365-AD5E-108F5D3C680B}"
EndProject
Project("{2150E333-8FDC-42A3-9474-1A3956D46DE8}") = "Tests", "Tests", "{56977664-0BFE-475A-9F66-86BE447926D5}"
EndProject
Project("{FAE04EC0-301F-11D3-BF4B-00C04F79EFBC}") = "BsdLayers.Business.Tests", "BsdLayers.Business.Tests\BsdLayers.Business.Tests.csproj", "{99E18C7F-5B22-4D41-9ED1-5E30D60AFA06}"
EndProject
Global
	GlobalSection(SolutionConfigurationPlatforms) = preSolution
		Debug|Any CPU = Debug|Any CPU
		Release|Any CPU = Release|Any CPU
	EndGlobalSection
	GlobalSection(ProjectConfigurationPlatforms) = postSolution
		{750478FA-FF72-4365-AD5E-108F5D3C680B}.Debug|Any CPU.ActiveCfg = Debug|Any CPU
		{750478FA-FF72-4365-AD5E-108F5D3C680B}.Debug|Any CPU.Build.0 = Debug|Any CPU
		{750478FA-FF72-4365-AD5E-108F5D3C680B}.Release|Any CPU.ActiveCfg = Release|Any CPU
		{750478FA-FF72-4365-AD5E-108F5D3C680B}.Release|Any CPU.Build.0 = Release|Any CPU
		{99E18C7F-5B22-4D41-9ED1-5E30D60AFA06}.Debug|Any CPU.ActiveCfg = Debug|Any CPU
		{99E18C7F-5B22-4D41-9ED1-5E30D60AFA06}.Debug|Any CPU.Build.0 = Debug|Any CPU
		{99E18C7F-5B22-4D41-9ED1-5E30D60AFA06}.Release|Any CPU.ActiveCfg = Release|Any CPU
		{99E18C7F-5B22-4D41-9ED1-5E30D60AFA06}.Release|Any CPU.Build.0 = Release|Any CPU
	EndGlobalSection
	GlobalSection(SolutionProperties) = preSolution
		HideSolutionNode = FALSE
	EndGlobalSection
	GlobalSection(NestedProjects) = preSolution
		{99E18C7F-5B22-4D41-9ED1-5E30D60AFA06} = {56977664-0BFE-475A-9F66-86BE447926D5}
	EndGlobalSection
	GlobalSection(ExtensibilityGlobals) = postSolution
		SolutionGuid = {D39C6B74-FF26-4E66-A8D7-50534956B700}
	EndGlobalSection
EndGlobal
